
Microsoft Visual Studio Solution File, Format Version 12.00
# Visual Studio 2013
VisualStudioVersion = 12.0.21005.1
MinimumVisualStudioVersion = 10.0.40219.1
Project("{8BC9CEB8-8B4A-11D0-8D11-00A0C91BC942}") = "AutoMouse", "AutoMouse\AutoMouse.vcxproj", "{0CE3FFF7-3C7C-48E5-9ABD-48803CDBC45B}"
	ProjectSection(ProjectDependencies) = postProject
		{3FA1560D-6854-47E6-AB3F-AE9D2A29F27A} = {3FA1560D-6854-47E6-AB3F-AE9D2A29F27A}
	EndProjectSection
EndProject
Project("{8BC9CEB8-8B4A-11D0-8D11-00A0C91BC942}") = "xml_lib", "xml_lib\xml_lib.vcxproj", "{3FA1560D-6854-47E6-AB3F-AE9D2A29F27A}"
EndProject
Global
	GlobalSection(SolutionConfigurationPlatforms) = preSolution
		Debug|Win32 = Debug|Win32
		Release|Win32 = Release|Win32
	EndGlobalSection
	GlobalSection(ProjectConfigurationPlatforms) = postSolution
		{0CE3FFF7-3C7C-48E5-9ABD-48803CDBC45B}.Debug|Win32.ActiveCfg = Debug|Win32
		{0CE3FFF7-3C7C-48E5-9ABD-48803CDBC45B}.Debug|Win32.Build.0 = Debug|Win32
		{0CE3FFF7-3C7C-48E5-9ABD-48803CDBC45B}.Release|Win32.ActiveCfg = Release|Win32
		{0CE3FFF7-3C7C-48E5-9ABD-48803CDBC45B}.Release|Win32.Build.0 = Release|Win32
		{3FA1560D-6854-47E6-AB3F-AE9D2A29F27A}.Debug|Win32.ActiveCfg = Debug|Win32
		{3FA1560D-6854-47E6-AB3F-AE9D2A29F27A}.Debug|Win32.Build.0 = Debug|Win32
		{3FA1560D-6854-47E6-AB3F-AE9D2A29F27A}.Release|Win32.ActiveCfg = Release|Win32
		{3FA1560D-6854-47E6-AB3F-AE9D2A29F27A}.Release|Win32.Build.0 = Release|Win32
	EndGlobalSection
	GlobalSection(SolutionProperties) = preSolution
		HideSolutionNode = FALSE
	EndGlobalSection
EndGlobal
